{
  "name": "svg-sample",
  "version": "0.0.1",
  "lockfileVersion": 1,
  "requires": true,
  "dependencies": {
    "@stencil/core": {
      "version": "1.0.0-alpha.11",
      "resolved": "https://registry.npmjs.org/@stencil/core/-/core-1.0.0-alpha.11.tgz",
      "integrity": "sha512-7GgDiJbit6Z/GtS2yajSKCkHmN2O9nNMCGsIWdeHKLRjfX38nGb5+FPCxpikrg1uzZeu1KVTW1NHxmv/Sy3qTQ==",
      "dev": true,
      "requires": {
        "typescript": "3.4.2"
      }
    },
    "typescript": {
      "version": "3.4.2",
      "resolved": "https://registry.npmjs.org/typescript/-/typescript-3.4.2.tgz",
      "integrity": "sha512-Og2Vn6Mk7JAuWA1hQdDQN/Ekm/SchX80VzLhjKN9ETYrIepBFAd8PkOdOTK2nKt0FCkmMZKBJvQ1dV1gIxPu/A==",
      "dev": true
    }
  }
}
